{
  "name": "term42",
  "version": "0.0.0",
  "lockfileVersion": 1,
  "requires": true,
  "dependencies": {
    "extend": {
      "version": "1.2.1",
      "resolved": "https://registry.npmjs.org/extend/-/extend-1.2.1.tgz",
      "integrity": "sha1-oPX9bPyDpf5J72mNYOyKYk3UV2w="
    },
    "nan": {
      "version": "2.2.1",
      "resolved": "https://registry.npmjs.org/nan/-/nan-2.2.1.tgz",
      "integrity": "sha1-1oaT9rNLtB1mvGizpPne/HnXFJs="
    },
    "pty.js": {
      "version": "https://github.com/platformio/pty.js/tarball/prebuilt",
      "integrity": "sha512-+rmJOpKFul26HheCUeFfpPaPmmJOHYenbbR5OllqFZrjy0YdbqAIRdqQbs0opvK8ttSp8SG1+3fym7J7fbCQZg==",
      "requires": {
        "extend": "1.2.1",
        "nan": "2.2.1"
      }
    },
    "xterm": {
      "version": "3.0.2",
      "resolved": "https://registry.npmjs.org/xterm/-/xterm-3.0.2.tgz",
      "integrity": "sha1-GsxjFzZ/QpC2vi1Kwa8NJjH9uzU="
    }
  }
}
